# Generated by pub
# See http://pub.dartlang.org/doc/glossary.html#lockfile
packages:
  ansicolor:
    description: ansicolor
    source: hosted
    version: "0.0.9"
  browser:
    description: browser
    source: hosted
    version: "0.6.19"
  crypto:
    description: crypto
    source: hosted
    version: "0.6.19"
  dirty:
    description: dirty
    source: hosted
    version: "0.1.1"
  hipster_mvc:
    description: hipster_mvc
    source: hosted
    version: "0.2.9"
  http:
    description: http
    source: hosted
    version: "0.6.19"
  json:
    description: json
    source: hosted
    version: "0.6.9"
  meta:
    description: meta
    source: hosted
    version: "0.6.19"
  path:
    description: path
    source: hosted
    version: "0.6.19"
  plummbur_kruk:
    description: plummbur_kruk
    source: hosted
    version: "0.0.4"
  scheduled_test:
    description: scheduled_test
    source: hosted
    version: "0.6.19"
  stack_trace:
    description: stack_trace
    source: hosted
    version: "0.6.19"
  unittest:
    description: unittest
    source: hosted
    version: "0.6.19"
  uuid:
    description: uuid
    source: hosted
    version: "0.1.6"
